
Microsoft Visual Studio Solution File, Format Version 12.00
# Visual Studio Version 17
VisualStudioVersion = 17.9.34723.18
MinimumVisualStudioVersion = 10.0.40219.1
Project("{FAE04EC0-301F-11D3-BF4B-00C04F79EFBC}") = "CodePulse.API", "CodePulse.API\CodePulse.API.csproj", "{906D0417-227E-4438-8AF6-6779F857767D}"
EndProject
Global
	GlobalSection(SolutionConfigurationPlatforms) = preSolution
		Debug|Any CPU = Debug|Any CPU
		Release|Any CPU = Release|Any CPU
	EndGlobalSection
	GlobalSection(ProjectConfigurationPlatforms) = postSolution
		{906D0417-227E-4438-8AF6-6779F857767D}.Debug|Any CPU.ActiveCfg = Debug|Any CPU
		{906D0417-227E-4438-8AF6-6779F857767D}.Debug|Any CPU.Build.0 = Debug|Any CPU
		{906D0417-227E-4438-8AF6-6779F857767D}.Release|Any CPU.ActiveCfg = Release|Any CPU
		{906D0417-227E-4438-8AF6-6779F857767D}.Release|Any CPU.Build.0 = Release|Any CPU
	EndGlobalSection
	GlobalSection(SolutionProperties) = preSolution
		HideSolutionNode = FALSE
	EndGlobalSection
	GlobalSection(ExtensibilityGlobals) = postSolution
		SolutionGuid = {E7735223-78A7-46C3-BCAC-4AF029892FDF}
	EndGlobalSection
EndGlobal
